{"is_source_file": false, "format": "", "description": "", "external_files": [], "external_methods": [], "published": [], "classes": [], "methods": [], "calls": [], "search-terms": [], "state": 2, "file_id": 34, "knowledge_revision": 74, "git_revision": "78f489507b62ee1ec89a7b0a5d0da2b7e0d46737", "hash": "e9b4c3b42cef0193b7fddb548d37e652", "format-version": 4, "code-base-name": "default", "filename": "backend_workspace/backend/post_process_status.lock", "revision_history": [{"74": "78f489507b62ee1ec89a7b0a5d0da2b7e0d46737"}]}